// !$*UTF8*$!
{
	archiveVersion = 1;
	classes = {
	};
	objectVersion = 48;
	objects = {

/* Begin PBXBuildFile section */
		36FB050104221B9AF366F823 /* Pods_Resto_json_crud_app.framework in Frameworks */ = {isa = PBXBuildFile; fileRef = FD93FF3B436219C06A90A8B2 /* Pods_Resto_json_crud_app.framework */; };
		BBBDF965212E920D008927F8 /* GoogleMapsViewController.swift in Sources */ = {isa = PBXBuildFile; fileRef = BBBDF964212E920C008927F8 /* GoogleMapsViewController.swift */; };
		BBBDF967212E922E008927F8 /* MapkitViewController.swift in Sources */ = {isa = PBXBuildFile; fileRef = BBBDF966212E922E008927F8 /* MapkitViewController.swift */; };
		BBEBF854212E5FC200CFF970 /* LoginViewController.swift in Sources */ = {isa = PBXBuildFile; fileRef = BBEBF853212E5FC200CFF970 /* LoginViewController.swift */; };
		BBEBF856212E5FEC00CFF970 /* RegisterViewController.swift in Sources */ = {isa = PBXBuildFile; fileRef = BBEBF855212E5FEC00CFF970 /* RegisterViewController.swift */; };
		BBEF6915212BC39200DAEADE /* AppDelegate.swift in Sources */ = {isa = PBXBuildFile; fileRef = BBEF6914212BC39200DAEADE /* AppDelegate.swift */; };
		BBEF6917212BC39200DAEADE /* ViewController.swift in Sources */ = {isa = PBXBuildFile; fileRef = BBEF6916212BC39200DAEADE /* ViewController.swift */; };
		BBEF691A212BC39200DAEADE /* Main.storyboard in Resources */ = {isa = PBXBuildFile; fileRef = BBEF6918212BC39200DAEADE /* Main.storyboard */; };
		BBEF691C212BC39200DAEADE /* Assets.xcassets in Resources */ = {isa = PBXBuildFile; fileRef = BBEF691B212BC39200DAEADE /* Assets.xcassets */; };
		BBEF691F212BC39200DAEADE /* LaunchScreen.storyboard in Resources */ = {isa = PBXBuildFile; fileRef = BBEF691D212BC39200DAEADE /* LaunchScreen.storyboard */; };
		BBEF6927212BC84100DAEADE /* MenuTableViewController.swift in Sources */ = {isa = PBXBuildFile; fileRef = BBEF6926212BC84100DAEADE /* MenuTableViewController.swift */; };
		BBEF6929212BF68700DAEADE /* TableViewCell.swift in Sources */ = {isa = PBXBuildFile; fileRef = BBEF6928212BF68700DAEADE /* TableViewCell.swift */; };
		BBEF692B212C113100DAEADE /* UpdateViewController.swift in Sources */ = {isa = PBXBuildFile; fileRef = BBEF692A212C113100DAEADE /* UpdateViewController.swift */; };
/* End PBXBuildFile section */

/* Begin PBXFileReference section */
		6C35A20E159230EF4121D2AB /* Pods-Resto json crud app.debug.xcconfig */ = {isa = PBXFileReference; includeInIndex = 1; lastKnownFileType = text.xcconfig; name = "Pods-Resto json crud app.debug.xcconfig"; path = "Pods/Target Support Files/Pods-Resto json crud app/Pods-Resto json crud app.debug.xcconfig"; sourceTree = "<group>"; };
		BB130137212FBA3C00365AB4 /* Roboto-ThinItalic.ttf */ = {isa = PBXFileReference; lastKnownFileType = file; path = "Roboto-ThinItalic.ttf"; sourceTree = "<group>"; };
		BBBDF964212E920C008927F8 /* GoogleMapsViewController.swift */ = {isa = PBXFileReference; lastKnownFileType = sourcecode.swift; path = GoogleMapsViewController.swift; sourceTree = "<group>"; };
		BBBDF966212E922E008927F8 /* MapkitViewController.swift */ = {isa = PBXFileReference; lastKnownFileType = sourcecode.swift; path = MapkitViewController.swift; sourceTree = "<group>"; };
		BBEBF853212E5FC200CFF970 /* LoginViewController.swift */ = {isa = PBXFileReference; lastKnownFileType = sourcecode.swift; path = LoginViewController.swift; sourceTree = "<group>"; };
		BBEBF855212E5FEC00CFF970 /* RegisterViewController.swift */ = {isa = PBXFileReference; lastKnownFileType = sourcecode.swift; path = RegisterViewController.swift; sourceTree = "<group>"; };
		BBEF6911212BC39100DAEADE /* Resto json crud app.app */ = {isa = PBXFileReference; explicitFileType = wrapper.application; includeInIndex = 0; path = "Resto json crud app.app"; sourceTree = BUILT_PRODUCTS_DIR; };
		BBEF6914212BC39200DAEADE /* AppDelegate.swift */ = {isa = PBXFileReference; lastKnownFileType = sourcecode.swift; path = AppDelegate.swift; sourceTree = "<group>"; };
		BBEF6916212BC39200DAEADE /* ViewController.swift */ = {isa = PBXFileReference; lastKnownFileType = sourcecode.swift; path = ViewController.swift; sourceTree = "<group>"; };
		BBEF6919212BC39200DAEADE /* Base */ = {isa = PBXFileReference; lastKnownFileType = file.storyboard; name = Base; path = Base.lproj/Main.storyboard; sourceTree = "<group>"; };
		BBEF691B212BC39200DAEADE /* Assets.xcassets */ = {isa = PBXFileReference; lastKnownFileType = folder.assetcatalog; path = Assets.xcassets; sourceTree = "<group>"; };
		BBEF691E212BC39200DAEADE /* Base */ = {isa = PBXFileReference; lastKnownFileType = file.storyboard; name = Base; path = Base.lproj/LaunchScreen.storyboard; sourceTree = "<group>"; };
		BBEF6920212BC39200DAEADE /* Info.plist */ = {isa = PBXFileReference; lastKnownFileType = text.plist.xml; path = Info.plist; sourceTree = "<group>"; };
		BBEF6926212BC84100DAEADE /* MenuTableViewController.swift */ = {isa = PBXFileReference; lastKnownFileType = sourcecode.swift; path = MenuTableViewController.swift; sourceTree = "<group>"; };
		BBEF6928212BF68700DAEADE /* TableViewCell.swift */ = {isa = PBXFileReference; lastKnownFileType = sourcecode.swift; path = TableViewCell.swift; sourceTree = "<group>"; };
		BBEF692A212C113100DAEADE /* UpdateViewController.swift */ = {isa = PBXFileReference; lastKnownFileType = sourcecode.swift; path = UpdateViewController.swift; sourceTree = "<group>"; };
		D3181C14533145F531328C3F /* Pods-Resto json crud app.release.xcconfig */ = {isa = PBXFileReference; includeInIndex = 1; lastKnownFileType = text.xcconfig; name = "Pods-Resto json crud app.release.xcconfig"; path = "Pods/Target Support Files/Pods-Resto json crud app/Pods-Resto json crud app.release.xcconfig"; sourceTree = "<group>"; };
		FD93FF3B436219C06A90A8B2 /* Pods_Resto_json_crud_app.framework */ = {isa = PBXFileReference; explicitFileType = wrapper.framework; includeInIndex = 0; path = Pods_Resto_json_crud_app.framework; sourceTree = BUILT_PRODUCTS_DIR; };
/* End PBXFileReference section */

/* Begin PBXFrameworksBuildPhase section */
		BBEF690E212BC39100DAEADE /* Frameworks */ = {
			isa = PBXFrameworksBuildPhase;
			buildActionMask = 2147483647;
			files = (
				36FB050104221B9AF366F823 /* Pods_Resto_json_crud_app.framework in Frameworks */,
			);
			runOnlyForDeploymentPostprocessing = 0;
		};
/* End PBXFrameworksBuildPhase section */

/* Begin PBXGroup section */
		7A7E557D4BD204488273D1ED /* Pods */ = {
			isa = PBXGroup;
			children = (
				6C35A20E159230EF4121D2AB /* Pods-Resto json crud app.debug.xcconfig */,
				D3181C14533145F531328C3F /* Pods-Resto json crud app.release.xcconfig */,
			);
			name = Pods;
			sourceTree = "<group>";
		};
		A32DA65972A1FE3B51322F46 /* Frameworks */ = {
			isa = PBXGroup;
			children = (
				FD93FF3B436219C06A90A8B2 /* Pods_Resto_json_crud_app.framework */,
			);
			name = Frameworks;
			sourceTree = "<group>";
		};
		BBEF6908212BC39100DAEADE = {
			isa = PBXGroup;
			children = (
				BBEF6913212BC39100DAEADE /* Resto json crud app */,
				BBEF6912212BC39100DAEADE /* Products */,
				7A7E557D4BD204488273D1ED /* Pods */,
				A32DA65972A1FE3B51322F46 /* Frameworks */,
			);
			sourceTree = "<group>";
		};
		BBEF6912212BC39100DAEADE /* Products */ = {
			isa = PBXGroup;
			children = (
				BBEF6911212BC39100DAEADE /* Resto json crud app.app */,
			);
			name = Products;
			sourceTree = "<group>";
		};
		BBEF6913212BC39100DAEADE /* Resto json crud app */ = {
			isa = PBXGroup;
			children = (
				BB130137212FBA3C00365AB4 /* Roboto-ThinItalic.ttf */,
				BBEF6914212BC39200DAEADE /* AppDelegate.swift */,
				BBEF6916212BC39200DAEADE /* ViewController.swift */,
				BBEF6928212BF68700DAEADE /* TableViewCell.swift */,
				BBEF6918212BC39200DAEADE /* Main.storyboard */,
				BBBDF964212E920C008927F8 /* GoogleMapsViewController.swift */,
				BBBDF966212E922E008927F8 /* MapkitViewController.swift */,
				BBEBF855212E5FEC00CFF970 /* RegisterViewController.swift */,
				BBEBF853212E5FC200CFF970 /* LoginViewController.swift */,
				BBEF691B212BC39200DAEADE /* Assets.xcassets */,
				BBEF691D212BC39200DAEADE /* LaunchScreen.storyboard */,
				BBEF6920212BC39200DAEADE /* Info.plist */,
				BBEF6926212BC84100DAEADE /* MenuTableViewController.swift */,
				BBEF692A212C113100DAEADE /* UpdateViewController.swift */,
			);
			path = "Resto json crud app";
			sourceTree = "<group>";
		};
/* End PBXGroup section */

/* Begin PBXNativeTarget section */
		BBEF6910212BC39100DAEADE /* Resto json crud app */ = {
			isa = PBXNativeTarget;
			buildConfigurationList = BBEF6923212BC39200DAEADE /* Build configuration list for PBXNativeTarget "Resto json crud app" */;
			buildPhases = (
				F8D76D1F682489CFBF376425 /* [CP] Check Pods Manifest.lock */,
				BBEF690D212BC39100DAEADE /* Sources */,
				BBEF690E212BC39100DAEADE /* Frameworks */,
				BBEF690F212BC39100DAEADE /* Resources */,
				D2A4CACA86D12F7909D7E0D7 /* [CP] Embed Pods Frameworks */,
				3A4D698A74429A26042BAEB8 /* [CP] Copy Pods Resources */,
			);
			buildRules = (
			);
			dependencies = (
			);
			name = "Resto json crud app";
			productName = "Resto json crud app";
			productReference = BBEF6911212BC39100DAEADE /* Resto json crud app.app */;
			productType = "com.apple.product-type.application";
		};
/* End PBXNativeTarget section */

/* Begin PBXProject section */
		BBEF6909212BC39100DAEADE /* Project object */ = {
			isa = PBXProject;
			attributes = {
				LastSwiftUpdateCheck = 0920;
				LastUpgradeCheck = 0920;
				ORGANIZATIONNAME = ZidniRyi;
				TargetAttributes = {
					BBEF6910212BC39100DAEADE = {
						CreatedOnToolsVersion = 9.2;
						ProvisioningStyle = Automatic;
					};
				};
			};
			buildConfigurationList = BBEF690C212BC39100DAEADE /* Build configuration list for PBXProject "Resto json crud app" */;
			compatibilityVersion = "Xcode 8.0";
			developmentRegion = en;
			hasScannedForEncodings = 0;
			knownRegions = (
				en,
				Base,
			);
			mainGroup = BBEF6908212BC39100DAEADE;
			productRefGroup = BBEF6912212BC39100DAEADE /* Products */;
			projectDirPath = "";
			projectRoot = "";
			targets = (
				BBEF6910212BC39100DAEADE /* Resto json crud app */,
			);
		};
/* End PBXProject section */

/* Begin PBXResourcesBuildPhase section */
		BBEF690F212BC39100DAEADE /* Resources */ = {
			isa = PBXResourcesBuildPhase;
			buildActionMask = 2147483647;
			files = (
				BBEF691F212BC39200DAEADE /* LaunchScreen.storyboard in Resources */,
				BBEF691C212BC39200DAEADE /* Assets.xcassets in Resources */,
				BBEF691A212BC39200DAEADE /* Main.storyboard in Resources */,
			);
			runOnlyForDeploymentPostprocessing = 0;
		};
/* End PBXResourcesBuildPhase section */

/* Begin PBXShellScriptBuildPhase section */
		3A4D698A74429A26042BAEB8 /* [CP] Copy Pods Resources */ = {
			isa = PBXShellScriptBuildPhase;
			buildActionMask = 2147483647;
			files = (
			);
			inputPaths = (
				"${SRCROOT}/Pods/Target Support Files/Pods-Resto json crud app/Pods-Resto json crud app-resources.sh",
				"${PODS_ROOT}/GoogleMaps/Maps/Frameworks/GoogleMaps.framework/Resources/GoogleMaps.bundle",
			);
			name = "[CP] Copy Pods Resources";
			outputPaths = (
				"${TARGET_BUILD_DIR}/${UNLOCALIZED_RESOURCES_FOLDER_PATH}/GoogleMaps.bundle",
			);
			runOnlyForDeploymentPostprocessing = 0;
			shellPath = /bin/sh;
			shellScript = "\"${SRCROOT}/Pods/Target Support Files/Pods-Resto json crud app/Pods-Resto json crud app-resources.sh\"\n";
			showEnvVarsInLog = 0;
		};
		D2A4CACA86D12F7909D7E0D7 /* [CP] Embed Pods Frameworks */ = {
			isa = PBXShellScriptBuildPhase;
			buildActionMask = 2147483647;
			files = (
			);
			inputPaths = (
				"${SRCROOT}/Pods/Target Support Files/Pods-Resto json crud app/Pods-Resto json crud app-frameworks.sh",
				"${BUILT_PRODUCTS_DIR}/Alamofire/Alamofire.framework",
				"${BUILT_PRODUCTS_DIR}/AlamofireImage/AlamofireImage.framework",
				"${BUILT_PRODUCTS_DIR}/SwiftyJSON/SwiftyJSON.framework",
			);
			name = "[CP] Embed Pods Frameworks";
			outputPaths = (
				"${TARGET_BUILD_DIR}/${FRAMEWORKS_FOLDER_PATH}/Alamofire.framework",
				"${TARGET_BUILD_DIR}/${FRAMEWORKS_FOLDER_PATH}/AlamofireImage.framework",
				"${TARGET_BUILD_DIR}/${FRAMEWORKS_FOLDER_PATH}/SwiftyJSON.framework",
			);
			runOnlyForDeploymentPostprocessing = 0;
			shellPath = /bin/sh;
			shellScript = "\"${SRCROOT}/Pods/Target Support Files/Pods-Resto json crud app/Pods-Resto json crud app-frameworks.sh\"\n";
			showEnvVarsInLog = 0;
		};
		F8D76D1F682489CFBF376425 /* [CP] Check Pods Manifest.lock */ = {
			isa = PBXShellScriptBuildPhase;
			buildActionMask = 2147483647;
			files = (
			);
			inputPaths = (
				"${PODS_PODFILE_DIR_PATH}/Podfile.lock",
				"${PODS_ROOT}/Manifest.lock",
			);
			name = "[CP] Check Pods Manifest.lock";
			outputPaths = (
				"$(DERIVED_FILE_DIR)/Pods-Resto json crud app-checkManifestLockResult.txt",
			);
			runOnlyForDeploymentPostprocessing = 0;
			shellPath = /bin/sh;
			shellScript = "diff \"${PODS_PODFILE_DIR_PATH}/Podfile.lock\" \"${PODS_ROOT}/Manifest.lock\" > /dev/null\nif [ $? != 0 ] ; then\n    # print error to STDERR\n    echo \"error: The sandbox is not in sync with the Podfile.lock. Run 'pod install' or update your CocoaPods installation.\" >&2\n    exit 1\nfi\n# This output is used by Xcode 'outputs' to avoid re-running this script phase.\necho \"SUCCESS\" > \"${SCRIPT_OUTPUT_FILE_0}\"\n";
			showEnvVarsInLog = 0;
		};
/* End PBXShellScriptBuildPhase section */

/* Begin PBXSourcesBuildPhase section */
		BBEF690D212BC39100DAEADE /* Sources */ = {
			isa = PBXSourcesBuildPhase;
			buildActionMask = 2147483647;
			files = (
				BBBDF967212E922E008927F8 /* MapkitViewController.swift in Sources */,
				BBEBF854212E5FC200CFF970 /* LoginViewController.swift in Sources */,
				BBEF6917212BC39200DAEADE /* ViewController.swift in Sources */,
				BBEBF856212E5FEC00CFF970 /* RegisterViewController.swift in Sources */,
				BBEF6929212BF68700DAEADE /* TableViewCell.swift in Sources */,
				BBEF6915212BC39200DAEADE /* AppDelegate.swift in Sources */,
				BBEF6927212BC84100DAEADE /* MenuTableViewController.swift in Sources */,
				BBBDF965212E920D008927F8 /* GoogleMapsViewController.swift in Sources */,
				BBEF692B212C113100DAEADE /* UpdateViewController.swift in Sources */,
			);
			runOnlyForDeploymentPostprocessing = 0;
		};
/* End PBXSourcesBuildPhase section */

/* Begin PBXVariantGroup section */
		BBEF6918212BC39200DAEADE /* Main.storyboard */ = {
			isa = PBXVariantGroup;
			children = (
				BBEF6919212BC39200DAEADE /* Base */,
			);
			name = Main.storyboard;
			sourceTree = "<group>";
		};
		BBEF691D212BC39200DAEADE /* LaunchScreen.storyboard */ = {
			isa = PBXVariantGroup;
			children = (
				BBEF691E212BC39200DAEADE /* Base */,
			);
			name = LaunchScreen.storyboard;
			sourceTree = "<group>";
		};
/* End PBXVariantGroup section */

/* Begin XCBuildConfiguration section */
		BBEF6921212BC39200DAEADE /* Debug */ = {
			isa = XCBuildConfiguration;
			buildSettings = {
				ALWAYS_SEARCH_USER_PATHS = NO;
				CLANG_ANALYZER_NONNULL = YES;
				CLANG_ANALYZER_NUMBER_OBJECT_CONVERSION = YES_AGGRESSIVE;
				CLANG_CXX_LANGUAGE_STANDARD = "gnu++14";
				CLANG_CXX_LIBRARY = "libc++";
				CLANG_ENABLE_MODULES = YES;
				CLANG_ENABLE_OBJC_ARC = YES;
				CLANG_WARN_BLOCK_CAPTURE_AUTORELEASING = YES;
				CLANG_WARN_BOOL_CONVERSION = YES;
				CLANG_WARN_COMMA = YES;
				CLANG_WARN_CONSTANT_CONVERSION = YES;
				CLANG_WARN_DIRECT_OBJC_ISA_USAGE = YES_ERROR;
				CLANG_WARN_DOCUMENTATION_COMMENTS = YES;
				CLANG_WARN_EMPTY_BODY = YES;
				CLANG_WARN_ENUM_CONVERSION = YES;
				CLANG_WARN_INFINITE_RECURSION = YES;
				CLANG_WARN_INT_CONVERSION = YES;
				CLANG_WARN_NON_LITERAL_NULL_CONVERSION = YES;
				CLANG_WARN_OBJC_LITERAL_CONVERSION = YES;
				CLANG_WARN_OBJC_ROOT_CLASS = YES_ERROR;
				CLANG_WARN_RANGE_LOOP_ANALYSIS = YES;
				CLANG_WARN_STRICT_PROTOTYPES = YES;
				CLANG_WARN_SUSPICIOUS_MOVE = YES;
				CLANG_WARN_UNGUARDED_AVAILABILITY = YES_AGGRESSIVE;
				CLANG_WARN_UNREACHABLE_CODE = YES;
				CLANG_WARN__DUPLICATE_METHOD_MATCH = YES;
				CODE_SIGN_IDENTITY = "iPhone Developer";
				COPY_PHASE_STRIP = NO;
				DEBUG_INFORMATION_FORMAT = dwarf;
				ENABLE_STRICT_OBJC_MSGSEND = YES;
				ENABLE_TESTABILITY = YES;
				GCC_C_LANGUAGE_STANDARD = gnu11;
				GCC_DYNAMIC_NO_PIC = NO;
				GCC_NO_COMMON_BLOCKS = YES;
				GCC_OPTIMIZATION_LEVEL = 0;
				GCC_PREPROCESSOR_DEFINITIONS = (
					"DEBUG=1",
					"$(inherited)",
				);
				GCC_WARN_64_TO_32_BIT_CONVERSION = YES;
				GCC_WARN_ABOUT_RETURN_TYPE = YES_ERROR;
				GCC_WARN_UNDECLARED_SELECTOR = YES;
				GCC_WARN_UNINITIALIZED_AUTOS = YES_AGGRESSIVE;
				GCC_WARN_UNUSED_FUNCTION = YES;
				GCC_WARN_UNUSED_VARIABLE = YES;
				IPHONEOS_DEPLOYMENT_TARGET = 11.2;
				MTL_ENABLE_DEBUG_INFO = YES;
				ONLY_ACTIVE_ARCH = YES;
				SDKROOT = iphoneos;
				SWIFT_ACTIVE_COMPILATION_CONDITIONS = DEBUG;
				SWIFT_OPTIMIZATION_LEVEL = "-Onone";
			};
			name = Debug;
		};
		BBEF6922212BC39200DAEADE /* Release */ = {
			isa = XCBuildConfiguration;
			buildSettings = {
				ALWAYS_SEARCH_USER_PATHS = NO;
				CLANG_ANALYZER_NONNULL = YES;
				CLANG_ANALYZER_NUMBER_OBJECT_CONVERSION = YES_AGGRESSIVE;
				CLANG_CXX_LANGUAGE_STANDARD = "gnu++14";
				CLANG_CXX_LIBRARY = "libc++";
				CLANG_ENABLE_MODULES = YES;
				CLANG_ENABLE_OBJC_ARC = YES;
				CLANG_WARN_BLOCK_CAPTURE_AUTORELEASING = YES;
				CLANG_WARN_BOOL_CONVERSION = YES;
				CLANG_WARN_COMMA = YES;
				CLANG_WARN_CONSTANT_CONVERSION = YES;
				CLANG_WARN_DIRECT_OBJC_ISA_USAGE = YES_ERROR;
				CLANG_WARN_DOCUMENTATION_COMMENTS = YES;
				CLANG_WARN_EMPTY_BODY = YES;
				CLANG_WARN_ENUM_CONVERSION = YES;
				CLANG_WARN_INFINITE_RECURSION = YES;
				CLANG_WARN_INT_CONVERSION = YES;
				CLANG_WARN_NON_LITERAL_NULL_CONVERSION = YES;
				CLANG_WARN_OBJC_LITERAL_CONVERSION = YES;
				CLANG_WARN_OBJC_ROOT_CLASS = YES_ERROR;
				CLANG_WARN_RANGE_LOOP_ANALYSIS = YES;
				CLANG_WARN_STRICT_PROTOTYPES = YES;
				CLANG_WARN_SUSPICIOUS_MOVE = YES;
				CLANG_WARN_UNGUARDED_AVAILABILITY = YES_AGGRESSIVE;
				CLANG_WARN_UNREACHABLE_CODE = YES;
				CLANG_WARN__DUPLICATE_METHOD_MATCH = YES;
				CODE_SIGN_IDENTITY = "iPhone Developer";
				COPY_PHASE_STRIP = NO;
				DEBUG_INFORMATION_FORMAT = "dwarf-with-dsym";
				ENABLE_NS_ASSERTIONS = NO;
				ENABLE_STRICT_OBJC_MSGSEND = YES;
				GCC_C_LANGUAGE_STANDARD = gnu11;
				GCC_NO_COMMON_BLOCKS = YES;
				GCC_WARN_64_TO_32_BIT_CONVERSION = YES;
				GCC_WARN_ABOUT_RETURN_TYPE = YES_ERROR;
				GCC_WARN_UNDECLARED_SELECTOR = YES;
				GCC_WARN_UNINITIALIZED_AUTOS = YES_AGGRESSIVE;
				GCC_WARN_UNUSED_FUNCTION = YES;
				GCC_WARN_UNUSED_VARIABLE = YES;
				IPHONEOS_DEPLOYMENT_TARGET = 11.2;
				MTL_ENABLE_DEBUG_INFO = NO;
				SDKROOT = iphoneos;
				SWIFT_OPTIMIZATION_LEVEL = "-Owholemodule";
				VALIDATE_PRODUCT = YES;
			};
			name = Release;
		};
		BBEF6924212BC39200DAEADE /* Debug */ = {
			isa = XCBuildConfiguration;
			baseConfigurationReference = 6C35A20E159230EF4121D2AB /* Pods-Resto json crud app.debug.xcconfig */;
			buildSettings = {
				ASSETCATALOG_COMPILER_APPICON_NAME = AppIcon;
				CODE_SIGN_STYLE = Automatic;
				DEVELOPMENT_TEAM = 879P4K449F;
				INFOPLIST_FILE = "Resto json crud app/Info.plist";
				IPHONEOS_DEPLOYMENT_TARGET = 9.3;
				LD_RUNPATH_SEARCH_PATHS = "$(inherited) @executable_path/Frameworks";
				PRODUCT_BUNDLE_IDENTIFIER = "id.slametriyadi.Resto-json-crud-app";
				PRODUCT_NAME = "$(TARGET_NAME)";
				SWIFT_VERSION = 4.0;
				TARGETED_DEVICE_FAMILY = "1,2";
			};
			name = Debug;
		};
		BBEF6925212BC39200DAEADE /* Release */ = {
			isa = XCBuildConfiguration;
			baseConfigurationReference = D3181C14533145F531328C3F /* Pods-Resto json crud app.release.xcconfig */;
			buildSettings = {
				ASSETCATALOG_COMPILER_APPICON_NAME = AppIcon;
				CODE_SIGN_STYLE = Automatic;
				DEVELOPMENT_TEAM = 879P4K449F;
				INFOPLIST_FILE = "Resto json crud app/Info.plist";
				IPHONEOS_DEPLOYMENT_TARGET = 9.3;
				LD_RUNPATH_SEARCH_PATHS = "$(inherited) @executable_path/Frameworks";
				PRODUCT_BUNDLE_IDENTIFIER = "id.slametriyadi.Resto-json-crud-app";
				PRODUCT_NAME = "$(TARGET_NAME)";
				SWIFT_VERSION = 4.0;
				TARGETED_DEVICE_FAMILY = "1,2";
			};
			name = Release;
		};
/* End XCBuildConfiguration section */

/* Begin XCConfigurationList section */
		BBEF690C212BC39100DAEADE /* Build configuration list for PBXProject "Resto json crud app" */ = {
			isa = XCConfigurationList;
			buildConfigurations = (
				BBEF6921212BC39200DAEADE /* Debug */,
				BBEF6922212BC39200DAEADE /* Release */,
			);
			defaultConfigurationIsVisible = 0;
			defaultConfigurationName = Release;
		};
		BBEF6923212BC39200DAEADE /* Build configuration list for PBXNativeTarget "Resto json crud app" */ = {
			isa = XCConfigurationList;
			buildConfigurations = (
				BBEF6924212BC39200DAEADE /* Debug */,
				BBEF6925212BC39200DAEADE /* Release */,
			);
			defaultConfigurationIsVisible = 0;
			defaultConfigurationName = Release;
		};
/* End XCConfigurationList section */
	};
	rootObject = BBEF6909212BC39100DAEADE /* Project object */;
}
